{
  "nodes": {
    "flakeNimbleLib": {
      "inputs": {
        "nixpkgs": [
          "nixpkgs"
        ]
      },
      "locked": {
        "lastModified": 1662018438,
        "narHash": "sha256-QtNtU6+LX3Wokxf0zlFwKTFOcn6TeDjKQZ+DA9OYtvM=",
        "owner": "riinr",
        "repo": "nim-flakes-lib",
        "rev": "b1fe8340736e3a85d25c709ac3dfd82a55c03cbf",
        "type": "github"
      },
      "original": {
        "owner": "riinr",
        "ref": "master",
        "repo": "nim-flakes-lib",
        "type": "github"
      }
    },
    "nixpkgs": {
      "locked": {
        "lastModified": 1667110639,
        "narHash": "sha256-4FbPESZ5LbqQxkJJJBAfk/zKgF9h/4kyUwjjpJwYlbc=",
        "owner": "NixOS",
        "repo": "nixpkgs",
        "rev": "f38a1f04d1bec1feb61fd101a0539ae2002a7087",
        "type": "github"
      },
      "original": {
        "id": "nixpkgs",
        "type": "indirect"
      }
    },
    "root": {
      "inputs": {
        "flakeNimbleLib": "flakeNimbleLib",
        "nixpkgs": "nixpkgs",
        "sections-master": "sections-master"
      }
    },
    "sections-master": {
      "inputs": {
        "flakeNimbleLib": [
          "flakeNimbleLib"
        ],
        "nixpkgs": [
          "nixpkgs"
        ],
        "src-sections-master": "src-sections-master"
      },
      "locked": {
        "dir": "master",
        "lastModified": 1662254803,
        "narHash": "sha256-5/tdYq+BvvDbD7s9972lVCSTs75w19qT+tfoHUNaShg=",
        "owner": "nim-nix-pkgs",
        "repo": "sections",
        "rev": "71aaba5a4bd4326aef8041b5108287f54e089d86",
        "type": "github"
      },
      "original": {
        "dir": "master",
        "owner": "nim-nix-pkgs",
        "ref": "master",
        "repo": "sections",
        "type": "github"
      }
    },
    "src-sections-master": {
      "flake": false,
      "locked": {
        "lastModified": 1448114966,
        "narHash": "sha256-diuH3rTqPdY3el6Lp+MGwgPrvSoR2ha9Q4o2zChUzL8=",
        "owner": "c0ffeeartc",
        "repo": "nim-sections",
        "rev": "f22bd38a42a86bdbd52a052c8e80cbe081674b70",
        "type": "github"
      },
      "original": {
        "owner": "c0ffeeartc",
        "ref": "refs/heads/master",
        "repo": "nim-sections",
        "type": "github"
      }
    }
  },
  "root": "root",
  "version": 7
}
